// !$*UTF8*$!
{
	archiveVersion = 1;
	classes = {
	};
	objectVersion = 56;
	objects = {

/* Begin PBXBuildFile section */
		2A9A116F2AE7D33F00818B14 /* PokemonGameNetwork.framework in Frameworks */ = {isa = PBXBuildFile; fileRef = 2A9A116E2AE7D33F00818B14 /* PokemonGameNetwork.framework */; };
		2A9A11732AE7E0E200818B14 /* AllPokemoViewController.swift in Sources */ = {isa = PBXBuildFile; fileRef = 2A9A11722AE7E0E200818B14 /* AllPokemoViewController.swift */; };
		2A9A11762AE7E6BC00818B14 /* PokemonLoader.swift in Sources */ = {isa = PBXBuildFile; fileRef = 2A9A11752AE7E6BB00818B14 /* PokemonLoader.swift */; };
		2A9A11792AE7E74700818B14 /* Pokemon.swift in Sources */ = {isa = PBXBuildFile; fileRef = 2A9A11782AE7E74700818B14 /* Pokemon.swift */; };
		2A9A117D2AE7F14B00818B14 /* RemotePokemonLoader.swift in Sources */ = {isa = PBXBuildFile; fileRef = 2A9A117C2AE7F14B00818B14 /* RemotePokemonLoader.swift */; };
		2A9A11802AE7F4ED00818B14 /* RemotePokemonLoaderTests.swift in Sources */ = {isa = PBXBuildFile; fileRef = 2A9A117F2AE7F4ED00818B14 /* RemotePokemonLoaderTests.swift */; };
		2A9A11822AE7F66F00818B14 /* XCTestCase+Ext.swift in Sources */ = {isa = PBXBuildFile; fileRef = 2A9A11812AE7F66F00818B14 /* XCTestCase+Ext.swift */; };
		2A9A11842AE7F75900818B14 /* PokemonsMapper.swift in Sources */ = {isa = PBXBuildFile; fileRef = 2A9A11832AE7F75900818B14 /* PokemonsMapper.swift */; };
		2A9A11862AE7F7D200818B14 /* RemotePokemon.swift in Sources */ = {isa = PBXBuildFile; fileRef = 2A9A11852AE7F7D200818B14 /* RemotePokemon.swift */; };
		2A9A118A2AE7FC3700818B14 /* ImageLoader.swift in Sources */ = {isa = PBXBuildFile; fileRef = 2A9A11892AE7FC3700818B14 /* ImageLoader.swift */; };
		2A9A118F2AE7FFE400818B14 /* PokemonCell.swift in Sources */ = {isa = PBXBuildFile; fileRef = 2A9A118E2AE7FFE400818B14 /* PokemonCell.swift */; };
		2ACB35F12AE8BF1500CE44C7 /* AllPokemoViewControllerTests.swift in Sources */ = {isa = PBXBuildFile; fileRef = 2ACB35F02AE8BF1500CE44C7 /* AllPokemoViewControllerTests.swift */; };
		2ACB35F42AE8E34800CE44C7 /* UIView+Ext.swift in Sources */ = {isa = PBXBuildFile; fileRef = 2ACB35F32AE8E34800CE44C7 /* UIView+Ext.swift */; };
		2ACC28F22AE7CFE000E7B04C /* PokemonGameNetwork.framework in Embed Frameworks */ = {isa = PBXBuildFile; fileRef = 2ACC28F02AE7CFE000E7B04C /* PokemonGameNetwork.framework */; settings = {ATTRIBUTES = (CodeSignOnCopy, RemoveHeadersOnCopy, ); }; };
		2ADA3E3D2AE7CA2C00F3C57D /* AppDelegate.swift in Sources */ = {isa = PBXBuildFile; fileRef = 2ADA3E3C2AE7CA2C00F3C57D /* AppDelegate.swift */; };
		2ADA3E3F2AE7CA2C00F3C57D /* SceneDelegate.swift in Sources */ = {isa = PBXBuildFile; fileRef = 2ADA3E3E2AE7CA2C00F3C57D /* SceneDelegate.swift */; };
		2ADA3E462AE7CA2D00F3C57D /* Assets.xcassets in Resources */ = {isa = PBXBuildFile; fileRef = 2ADA3E452AE7CA2D00F3C57D /* Assets.xcassets */; };
		2ADA3E492AE7CA2D00F3C57D /* LaunchScreen.storyboard in Resources */ = {isa = PBXBuildFile; fileRef = 2ADA3E472AE7CA2D00F3C57D /* LaunchScreen.storyboard */; };
/* End PBXBuildFile section */

/* Begin PBXContainerItemProxy section */
		2ADA3E502AE7CA2D00F3C57D /* PBXContainerItemProxy */ = {
			isa = PBXContainerItemProxy;
			containerPortal = 2ADA3E312AE7CA2C00F3C57D /* Project object */;
			proxyType = 1;
			remoteGlobalIDString = 2ADA3E382AE7CA2C00F3C57D;
			remoteInfo = PokemonGameApp;
		};
/* End PBXContainerItemProxy section */

/* Begin PBXCopyFilesBuildPhase section */
		2ACC28F32AE7CFE100E7B04C /* Embed Frameworks */ = {
			isa = PBXCopyFilesBuildPhase;
			buildActionMask = 2147483647;
			dstPath = "";
			dstSubfolderSpec = 10;
			files = (
				2ACC28F22AE7CFE000E7B04C /* PokemonGameNetwork.framework in Embed Frameworks */,
			);
			name = "Embed Frameworks";
			runOnlyForDeploymentPostprocessing = 0;
		};
/* End PBXCopyFilesBuildPhase section */

/* Begin PBXFileReference section */
		2A9A116E2AE7D33F00818B14 /* PokemonGameNetwork.framework */ = {isa = PBXFileReference; explicitFileType = wrapper.framework; path = PokemonGameNetwork.framework; sourceTree = BUILT_PRODUCTS_DIR; };
		2A9A11722AE7E0E200818B14 /* AllPokemoViewController.swift */ = {isa = PBXFileReference; lastKnownFileType = sourcecode.swift; path = AllPokemoViewController.swift; sourceTree = "<group>"; };
		2A9A11752AE7E6BB00818B14 /* PokemonLoader.swift */ = {isa = PBXFileReference; lastKnownFileType = sourcecode.swift; path = PokemonLoader.swift; sourceTree = "<group>"; };
		2A9A11782AE7E74700818B14 /* Pokemon.swift */ = {isa = PBXFileReference; lastKnownFileType = sourcecode.swift; path = Pokemon.swift; sourceTree = "<group>"; };
		2A9A117C2AE7F14B00818B14 /* RemotePokemonLoader.swift */ = {isa = PBXFileReference; lastKnownFileType = sourcecode.swift; path = RemotePokemonLoader.swift; sourceTree = "<group>"; };
		2A9A117F2AE7F4ED00818B14 /* RemotePokemonLoaderTests.swift */ = {isa = PBXFileReference; lastKnownFileType = sourcecode.swift; path = RemotePokemonLoaderTests.swift; sourceTree = "<group>"; };
		2A9A11812AE7F66F00818B14 /* XCTestCase+Ext.swift */ = {isa = PBXFileReference; lastKnownFileType = sourcecode.swift; path = "XCTestCase+Ext.swift"; sourceTree = "<group>"; };
		2A9A11832AE7F75900818B14 /* PokemonsMapper.swift */ = {isa = PBXFileReference; lastKnownFileType = sourcecode.swift; path = PokemonsMapper.swift; sourceTree = "<group>"; };
		2A9A11852AE7F7D200818B14 /* RemotePokemon.swift */ = {isa = PBXFileReference; lastKnownFileType = sourcecode.swift; path = RemotePokemon.swift; sourceTree = "<group>"; };
		2A9A11892AE7FC3700818B14 /* ImageLoader.swift */ = {isa = PBXFileReference; lastKnownFileType = sourcecode.swift; path = ImageLoader.swift; sourceTree = "<group>"; };
		2A9A118E2AE7FFE400818B14 /* PokemonCell.swift */ = {isa = PBXFileReference; lastKnownFileType = sourcecode.swift; path = PokemonCell.swift; sourceTree = "<group>"; };
		2ACB35F02AE8BF1500CE44C7 /* AllPokemoViewControllerTests.swift */ = {isa = PBXFileReference; lastKnownFileType = sourcecode.swift; path = AllPokemoViewControllerTests.swift; sourceTree = "<group>"; };
		2ACB35F32AE8E34800CE44C7 /* UIView+Ext.swift */ = {isa = PBXFileReference; lastKnownFileType = sourcecode.swift; path = "UIView+Ext.swift"; sourceTree = "<group>"; };
		2ACC28E82AE7CC0D00E7B04C /* PokemonGameNetwork.framework */ = {isa = PBXFileReference; explicitFileType = wrapper.framework; path = PokemonGameNetwork.framework; sourceTree = BUILT_PRODUCTS_DIR; };
		2ACC28EC2AE7CF7B00E7B04C /* PokemonGameNetwork.framework */ = {isa = PBXFileReference; explicitFileType = wrapper.framework; path = PokemonGameNetwork.framework; sourceTree = BUILT_PRODUCTS_DIR; };
		2ACC28F02AE7CFE000E7B04C /* PokemonGameNetwork.framework */ = {isa = PBXFileReference; explicitFileType = wrapper.framework; path = PokemonGameNetwork.framework; sourceTree = BUILT_PRODUCTS_DIR; };
		2ADA3E392AE7CA2C00F3C57D /* PokemonGameApp.app */ = {isa = PBXFileReference; explicitFileType = wrapper.application; includeInIndex = 0; path = PokemonGameApp.app; sourceTree = BUILT_PRODUCTS_DIR; };
		2ADA3E3C2AE7CA2C00F3C57D /* AppDelegate.swift */ = {isa = PBXFileReference; lastKnownFileType = sourcecode.swift; path = AppDelegate.swift; sourceTree = "<group>"; };
		2ADA3E3E2AE7CA2C00F3C57D /* SceneDelegate.swift */ = {isa = PBXFileReference; lastKnownFileType = sourcecode.swift; path = SceneDelegate.swift; sourceTree = "<group>"; };
		2ADA3E452AE7CA2D00F3C57D /* Assets.xcassets */ = {isa = PBXFileReference; lastKnownFileType = folder.assetcatalog; path = Assets.xcassets; sourceTree = "<group>"; };
		2ADA3E482AE7CA2D00F3C57D /* Base */ = {isa = PBXFileReference; lastKnownFileType = file.storyboard; name = Base; path = Base.lproj/LaunchScreen.storyboard; sourceTree = "<group>"; };
		2ADA3E4A2AE7CA2D00F3C57D /* Info.plist */ = {isa = PBXFileReference; lastKnownFileType = text.plist.xml; path = Info.plist; sourceTree = "<group>"; };
		2ADA3E4F2AE7CA2D00F3C57D /* PokemonGameAppTests.xctest */ = {isa = PBXFileReference; explicitFileType = wrapper.cfbundle; includeInIndex = 0; path = PokemonGameAppTests.xctest; sourceTree = BUILT_PRODUCTS_DIR; };
/* End PBXFileReference section */

/* Begin PBXFrameworksBuildPhase section */
		2ADA3E362AE7CA2C00F3C57D /* Frameworks */ = {
			isa = PBXFrameworksBuildPhase;
			buildActionMask = 2147483647;
			files = (
				2A9A116F2AE7D33F00818B14 /* PokemonGameNetwork.framework in Frameworks */,
			);
			runOnlyForDeploymentPostprocessing = 0;
		};
		2ADA3E4C2AE7CA2D00F3C57D /* Frameworks */ = {
			isa = PBXFrameworksBuildPhase;
			buildActionMask = 2147483647;
			files = (
			);
			runOnlyForDeploymentPostprocessing = 0;
		};
/* End PBXFrameworksBuildPhase section */

/* Begin PBXGroup section */
		2A9A11702AE7D50100818B14 /* Swift */ = {
			isa = PBXGroup;
			children = (
				2A9A11712AE7E0BE00818B14 /* AllPokemon */,
			);
			path = Swift;
			sourceTree = "<group>";
		};
		2A9A11712AE7E0BE00818B14 /* AllPokemon */ = {
			isa = PBXGroup;
			children = (
				2A9A11742AE7E67600818B14 /* Pokemon Feature */,
				2A9A11872AE7F84A00818B14 /* UI */,
			);
			path = AllPokemon;
			sourceTree = "<group>";
		};
		2A9A11742AE7E67600818B14 /* Pokemon Feature */ = {
			isa = PBXGroup;
			children = (
				2A9A117B2AE7F12800818B14 /* API */,
				2A9A117A2AE7E74E00818B14 /* Loader */,
				2A9A11772AE7E73C00818B14 /* Model */,
			);
			path = "Pokemon Feature";
			sourceTree = "<group>";
		};
		2A9A11772AE7E73C00818B14 /* Model */ = {
			isa = PBXGroup;
			children = (
				2A9A11782AE7E74700818B14 /* Pokemon.swift */,
			);
			path = Model;
			sourceTree = "<group>";
		};
		2A9A117A2AE7E74E00818B14 /* Loader */ = {
			isa = PBXGroup;
			children = (
				2A9A11752AE7E6BB00818B14 /* PokemonLoader.swift */,
				2A9A11892AE7FC3700818B14 /* ImageLoader.swift */,
			);
			path = Loader;
			sourceTree = "<group>";
		};
		2A9A117B2AE7F12800818B14 /* API */ = {
			isa = PBXGroup;
			children = (
				2A9A117C2AE7F14B00818B14 /* RemotePokemonLoader.swift */,
				2A9A11832AE7F75900818B14 /* PokemonsMapper.swift */,
				2A9A11852AE7F7D200818B14 /* RemotePokemon.swift */,
			);
			path = API;
			sourceTree = "<group>";
		};
		2A9A117E2AE7F45700818B14 /* API */ = {
			isa = PBXGroup;
			children = (
				2A9A117F2AE7F4ED00818B14 /* RemotePokemonLoaderTests.swift */,
			);
			path = API;
			sourceTree = "<group>";
		};
		2A9A11872AE7F84A00818B14 /* UI */ = {
			isa = PBXGroup;
			children = (
				2A9A118D2AE7FFCA00818B14 /* Views */,
				2A9A11882AE7FAD600818B14 /* Controller */,
			);
			path = UI;
			sourceTree = "<group>";
		};
		2A9A11882AE7FAD600818B14 /* Controller */ = {
			isa = PBXGroup;
			children = (
				2A9A11722AE7E0E200818B14 /* AllPokemoViewController.swift */,
			);
			path = Controller;
			sourceTree = "<group>";
		};
		2A9A118B2AE7FDA200818B14 /* UI */ = {
			isa = PBXGroup;
			children = (
				2A9A118C2AE7FDAD00818B14 /* Controller */,
			);
			path = UI;
			sourceTree = "<group>";
		};
		2A9A118C2AE7FDAD00818B14 /* Controller */ = {
			isa = PBXGroup;
			children = (
				2ACB35F02AE8BF1500CE44C7 /* AllPokemoViewControllerTests.swift */,
			);
			path = Controller;
			sourceTree = "<group>";
		};
		2A9A118D2AE7FFCA00818B14 /* Views */ = {
			isa = PBXGroup;
			children = (
				2ACB35F22AE8E33800CE44C7 /* Helper */,
				2A9A118E2AE7FFE400818B14 /* PokemonCell.swift */,
			);
			path = Views;
			sourceTree = "<group>";
		};
		2ACB35F22AE8E33800CE44C7 /* Helper */ = {
			isa = PBXGroup;
			children = (
				2ACB35F32AE8E34800CE44C7 /* UIView+Ext.swift */,
			);
			path = Helper;
			sourceTree = "<group>";
		};
		2ACC28E72AE7CC0D00E7B04C /* Frameworks */ = {
			isa = PBXGroup;
			children = (
				2A9A116E2AE7D33F00818B14 /* PokemonGameNetwork.framework */,
				2ACC28F02AE7CFE000E7B04C /* PokemonGameNetwork.framework */,
				2ACC28EC2AE7CF7B00E7B04C /* PokemonGameNetwork.framework */,
				2ACC28E82AE7CC0D00E7B04C /* PokemonGameNetwork.framework */,
			);
			name = Frameworks;
			sourceTree = "<group>";
		};
		2ADA3E302AE7CA2C00F3C57D = {
			isa = PBXGroup;
			children = (
				2ADA3E3B2AE7CA2C00F3C57D /* PokemonGameApp */,
				2ADA3E522AE7CA2D00F3C57D /* PokemonGameAppTests */,
				2ADA3E3A2AE7CA2C00F3C57D /* Products */,
				2ACC28E72AE7CC0D00E7B04C /* Frameworks */,
			);
			sourceTree = "<group>";
		};
		2ADA3E3A2AE7CA2C00F3C57D /* Products */ = {
			isa = PBXGroup;
			children = (
				2ADA3E392AE7CA2C00F3C57D /* PokemonGameApp.app */,
				2ADA3E4F2AE7CA2D00F3C57D /* PokemonGameAppTests.xctest */,
			);
			name = Products;
			sourceTree = "<group>";
		};
		2ADA3E3B2AE7CA2C00F3C57D /* PokemonGameApp */ = {
			isa = PBXGroup;
			children = (
				2A9A11702AE7D50100818B14 /* Swift */,
				2ADA3E3C2AE7CA2C00F3C57D /* AppDelegate.swift */,
				2ADA3E3E2AE7CA2C00F3C57D /* SceneDelegate.swift */,
				2ADA3E452AE7CA2D00F3C57D /* Assets.xcassets */,
				2ADA3E472AE7CA2D00F3C57D /* LaunchScreen.storyboard */,
				2ADA3E4A2AE7CA2D00F3C57D /* Info.plist */,
			);
			path = PokemonGameApp;
			sourceTree = "<group>";
		};
		2ADA3E522AE7CA2D00F3C57D /* PokemonGameAppTests */ = {
			isa = PBXGroup;
			children = (
				2A9A118B2AE7FDA200818B14 /* UI */,
				2A9A117E2AE7F45700818B14 /* API */,
				2A9A11812AE7F66F00818B14 /* XCTestCase+Ext.swift */,
			);
			path = PokemonGameAppTests;
			sourceTree = "<group>";
		};
/* End PBXGroup section */

/* Begin PBXNativeTarget section */
		2ADA3E382AE7CA2C00F3C57D /* PokemonGameApp */ = {
			isa = PBXNativeTarget;
			buildConfigurationList = 2ADA3E632AE7CA2D00F3C57D /* Build configuration list for PBXNativeTarget "PokemonGameApp" */;
			buildPhases = (
				2ADA3E352AE7CA2C00F3C57D /* Sources */,
				2ADA3E362AE7CA2C00F3C57D /* Frameworks */,
				2ADA3E372AE7CA2C00F3C57D /* Resources */,
				2ACC28F32AE7CFE100E7B04C /* Embed Frameworks */,
			);
			buildRules = (
			);
			dependencies = (
			);
			name = PokemonGameApp;
			productName = PokemonGameApp;
			productReference = 2ADA3E392AE7CA2C00F3C57D /* PokemonGameApp.app */;
			productType = "com.apple.product-type.application";
		};
		2ADA3E4E2AE7CA2D00F3C57D /* PokemonGameAppTests */ = {
			isa = PBXNativeTarget;
			buildConfigurationList = 2ADA3E662AE7CA2D00F3C57D /* Build configuration list for PBXNativeTarget "PokemonGameAppTests" */;
			buildPhases = (
				2ADA3E4B2AE7CA2D00F3C57D /* Sources */,
				2ADA3E4C2AE7CA2D00F3C57D /* Frameworks */,
				2ADA3E4D2AE7CA2D00F3C57D /* Resources */,
			);
			buildRules = (
			);
			dependencies = (
				2ADA3E512AE7CA2D00F3C57D /* PBXTargetDependency */,
			);
			name = PokemonGameAppTests;
			productName = PokemonGameAppTests;
			productReference = 2ADA3E4F2AE7CA2D00F3C57D /* PokemonGameAppTests.xctest */;
			productType = "com.apple.product-type.bundle.unit-test";
		};
/* End PBXNativeTarget section */

/* Begin PBXProject section */
		2ADA3E312AE7CA2C00F3C57D /* Project object */ = {
			isa = PBXProject;
			attributes = {
				BuildIndependentTargetsInParallel = 1;
				LastSwiftUpdateCheck = 1430;
				LastUpgradeCheck = 1430;
				TargetAttributes = {
					2ADA3E382AE7CA2C00F3C57D = {
						CreatedOnToolsVersion = 14.3.1;
					};
					2ADA3E4E2AE7CA2D00F3C57D = {
						CreatedOnToolsVersion = 14.3.1;
						TestTargetID = 2ADA3E382AE7CA2C00F3C57D;
					};
				};
			};
			buildConfigurationList = 2ADA3E342AE7CA2C00F3C57D /* Build configuration list for PBXProject "PokemonGameApp" */;
			compatibilityVersion = "Xcode 14.0";
			developmentRegion = en;
			hasScannedForEncodings = 0;
			knownRegions = (
				en,
				Base,
			);
			mainGroup = 2ADA3E302AE7CA2C00F3C57D;
			productRefGroup = 2ADA3E3A2AE7CA2C00F3C57D /* Products */;
			projectDirPath = "";
			projectRoot = "";
			targets = (
				2ADA3E382AE7CA2C00F3C57D /* PokemonGameApp */,
				2ADA3E4E2AE7CA2D00F3C57D /* PokemonGameAppTests */,
			);
		};
/* End PBXProject section */

/* Begin PBXResourcesBuildPhase section */
		2ADA3E372AE7CA2C00F3C57D /* Resources */ = {
			isa = PBXResourcesBuildPhase;
			buildActionMask = 2147483647;
			files = (
				2ADA3E492AE7CA2D00F3C57D /* LaunchScreen.storyboard in Resources */,
				2ADA3E462AE7CA2D00F3C57D /* Assets.xcassets in Resources */,
			);
			runOnlyForDeploymentPostprocessing = 0;
		};
		2ADA3E4D2AE7CA2D00F3C57D /* Resources */ = {
			isa = PBXResourcesBuildPhase;
			buildActionMask = 2147483647;
			files = (
			);
			runOnlyForDeploymentPostprocessing = 0;
		};
/* End PBXResourcesBuildPhase section */

/* Begin PBXSourcesBuildPhase section */
		2ADA3E352AE7CA2C00F3C57D /* Sources */ = {
			isa = PBXSourcesBuildPhase;
			buildActionMask = 2147483647;
			files = (
				2A9A11792AE7E74700818B14 /* Pokemon.swift in Sources */,
				2ACB35F42AE8E34800CE44C7 /* UIView+Ext.swift in Sources */,
				2A9A11732AE7E0E200818B14 /* AllPokemoViewController.swift in Sources */,
				2A9A117D2AE7F14B00818B14 /* RemotePokemonLoader.swift in Sources */,
				2A9A11862AE7F7D200818B14 /* RemotePokemon.swift in Sources */,
				2ADA3E3D2AE7CA2C00F3C57D /* AppDelegate.swift in Sources */,
				2A9A118F2AE7FFE400818B14 /* PokemonCell.swift in Sources */,
				2A9A118A2AE7FC3700818B14 /* ImageLoader.swift in Sources */,
				2A9A11842AE7F75900818B14 /* PokemonsMapper.swift in Sources */,
				2A9A11762AE7E6BC00818B14 /* PokemonLoader.swift in Sources */,
				2ADA3E3F2AE7CA2C00F3C57D /* SceneDelegate.swift in Sources */,
			);
			runOnlyForDeploymentPostprocessing = 0;
		};
		2ADA3E4B2AE7CA2D00F3C57D /* Sources */ = {
			isa = PBXSourcesBuildPhase;
			buildActionMask = 2147483647;
			files = (
				2A9A11802AE7F4ED00818B14 /* RemotePokemonLoaderTests.swift in Sources */,
				2A9A11822AE7F66F00818B14 /* XCTestCase+Ext.swift in Sources */,
				2ACB35F12AE8BF1500CE44C7 /* AllPokemoViewControllerTests.swift in Sources */,
			);
			runOnlyForDeploymentPostprocessing = 0;
		};
/* End PBXSourcesBuildPhase section */

/* Begin PBXTargetDependency section */
		2ADA3E512AE7CA2D00F3C57D /* PBXTargetDependency */ = {
			isa = PBXTargetDependency;
			target = 2ADA3E382AE7CA2C00F3C57D /* PokemonGameApp */;
			targetProxy = 2ADA3E502AE7CA2D00F3C57D /* PBXContainerItemProxy */;
		};
/* End PBXTargetDependency section */

/* Begin PBXVariantGroup section */
		2ADA3E472AE7CA2D00F3C57D /* LaunchScreen.storyboard */ = {
			isa = PBXVariantGroup;
			children = (
				2ADA3E482AE7CA2D00F3C57D /* Base */,
			);
			name = LaunchScreen.storyboard;
			sourceTree = "<group>";
		};
/* End PBXVariantGroup section */

/* Begin XCBuildConfiguration section */
		2ADA3E612AE7CA2D00F3C57D /* Debug */ = {
			isa = XCBuildConfiguration;
			buildSettings = {
				ALWAYS_SEARCH_USER_PATHS = NO;
				CLANG_ANALYZER_NONNULL = YES;
				CLANG_ANALYZER_NUMBER_OBJECT_CONVERSION = YES_AGGRESSIVE;
				CLANG_CXX_LANGUAGE_STANDARD = "gnu++20";
				CLANG_ENABLE_MODULES = YES;
				CLANG_ENABLE_OBJC_ARC = YES;
				CLANG_ENABLE_OBJC_WEAK = YES;
				CLANG_WARN_BLOCK_CAPTURE_AUTORELEASING = YES;
				CLANG_WARN_BOOL_CONVERSION = YES;
				CLANG_WARN_COMMA = YES;
				CLANG_WARN_CONSTANT_CONVERSION = YES;
				CLANG_WARN_DEPRECATED_OBJC_IMPLEMENTATIONS = YES;
				CLANG_WARN_DIRECT_OBJC_ISA_USAGE = YES_ERROR;
				CLANG_WARN_DOCUMENTATION_COMMENTS = YES;
				CLANG_WARN_EMPTY_BODY = YES;
				CLANG_WARN_ENUM_CONVERSION = YES;
				CLANG_WARN_INFINITE_RECURSION = YES;
				CLANG_WARN_INT_CONVERSION = YES;
				CLANG_WARN_NON_LITERAL_NULL_CONVERSION = YES;
				CLANG_WARN_OBJC_IMPLICIT_RETAIN_SELF = YES;
				CLANG_WARN_OBJC_LITERAL_CONVERSION = YES;
				CLANG_WARN_OBJC_ROOT_CLASS = YES_ERROR;
				CLANG_WARN_QUOTED_INCLUDE_IN_FRAMEWORK_HEADER = YES;
				CLANG_WARN_RANGE_LOOP_ANALYSIS = YES;
				CLANG_WARN_STRICT_PROTOTYPES = YES;
				CLANG_WARN_SUSPICIOUS_MOVE = YES;
				CLANG_WARN_UNGUARDED_AVAILABILITY = YES_AGGRESSIVE;
				CLANG_WARN_UNREACHABLE_CODE = YES;
				CLANG_WARN__DUPLICATE_METHOD_MATCH = YES;
				COPY_PHASE_STRIP = NO;
				DEBUG_INFORMATION_FORMAT = dwarf;
				ENABLE_STRICT_OBJC_MSGSEND = YES;
				ENABLE_TESTABILITY = YES;
				GCC_C_LANGUAGE_STANDARD = gnu11;
				GCC_DYNAMIC_NO_PIC = NO;
				GCC_NO_COMMON_BLOCKS = YES;
				GCC_OPTIMIZATION_LEVEL = 0;
				GCC_PREPROCESSOR_DEFINITIONS = (
					"DEBUG=1",
					"$(inherited)",
				);
				GCC_WARN_64_TO_32_BIT_CONVERSION = YES;
				GCC_WARN_ABOUT_RETURN_TYPE = YES_ERROR;
				GCC_WARN_UNDECLARED_SELECTOR = YES;
				GCC_WARN_UNINITIALIZED_AUTOS = YES_AGGRESSIVE;
				GCC_WARN_UNUSED_FUNCTION = YES;
				GCC_WARN_UNUSED_VARIABLE = YES;
				IPHONEOS_DEPLOYMENT_TARGET = 16.4;
				MTL_ENABLE_DEBUG_INFO = INCLUDE_SOURCE;
				MTL_FAST_MATH = YES;
				ONLY_ACTIVE_ARCH = YES;
				SDKROOT = iphoneos;
				SWIFT_ACTIVE_COMPILATION_CONDITIONS = DEBUG;
				SWIFT_OPTIMIZATION_LEVEL = "-Onone";
			};
			name = Debug;
		};
		2ADA3E622AE7CA2D00F3C57D /* Release */ = {
			isa = XCBuildConfiguration;
			buildSettings = {
				ALWAYS_SEARCH_USER_PATHS = NO;
				CLANG_ANALYZER_NONNULL = YES;
				CLANG_ANALYZER_NUMBER_OBJECT_CONVERSION = YES_AGGRESSIVE;
				CLANG_CXX_LANGUAGE_STANDARD = "gnu++20";
				CLANG_ENABLE_MODULES = YES;
				CLANG_ENABLE_OBJC_ARC = YES;
				CLANG_ENABLE_OBJC_WEAK = YES;
				CLANG_WARN_BLOCK_CAPTURE_AUTORELEASING = YES;
				CLANG_WARN_BOOL_CONVERSION = YES;
				CLANG_WARN_COMMA = YES;
				CLANG_WARN_CONSTANT_CONVERSION = YES;
				CLANG_WARN_DEPRECATED_OBJC_IMPLEMENTATIONS = YES;
				CLANG_WARN_DIRECT_OBJC_ISA_USAGE = YES_ERROR;
				CLANG_WARN_DOCUMENTATION_COMMENTS = YES;
				CLANG_WARN_EMPTY_BODY = YES;
				CLANG_WARN_ENUM_CONVERSION = YES;
				CLANG_WARN_INFINITE_RECURSION = YES;
				CLANG_WARN_INT_CONVERSION = YES;
				CLANG_WARN_NON_LITERAL_NULL_CONVERSION = YES;
				CLANG_WARN_OBJC_IMPLICIT_RETAIN_SELF = YES;
				CLANG_WARN_OBJC_LITERAL_CONVERSION = YES;
				CLANG_WARN_OBJC_ROOT_CLASS = YES_ERROR;
				CLANG_WARN_QUOTED_INCLUDE_IN_FRAMEWORK_HEADER = YES;
				CLANG_WARN_RANGE_LOOP_ANALYSIS = YES;
				CLANG_WARN_STRICT_PROTOTYPES = YES;
				CLANG_WARN_SUSPICIOUS_MOVE = YES;
				CLANG_WARN_UNGUARDED_AVAILABILITY = YES_AGGRESSIVE;
				CLANG_WARN_UNREACHABLE_CODE = YES;
				CLANG_WARN__DUPLICATE_METHOD_MATCH = YES;
				COPY_PHASE_STRIP = NO;
				DEBUG_INFORMATION_FORMAT = "dwarf-with-dsym";
				ENABLE_NS_ASSERTIONS = NO;
				ENABLE_STRICT_OBJC_MSGSEND = YES;
				GCC_C_LANGUAGE_STANDARD = gnu11;
				GCC_NO_COMMON_BLOCKS = YES;
				GCC_WARN_64_TO_32_BIT_CONVERSION = YES;
				GCC_WARN_ABOUT_RETURN_TYPE = YES_ERROR;
				GCC_WARN_UNDECLARED_SELECTOR = YES;
				GCC_WARN_UNINITIALIZED_AUTOS = YES_AGGRESSIVE;
				GCC_WARN_UNUSED_FUNCTION = YES;
				GCC_WARN_UNUSED_VARIABLE = YES;
				IPHONEOS_DEPLOYMENT_TARGET = 16.4;
				MTL_ENABLE_DEBUG_INFO = NO;
				MTL_FAST_MATH = YES;
				SDKROOT = iphoneos;
				SWIFT_COMPILATION_MODE = wholemodule;
				SWIFT_OPTIMIZATION_LEVEL = "-O";
				VALIDATE_PRODUCT = YES;
			};
			name = Release;
		};
		2ADA3E642AE7CA2D00F3C57D /* Debug */ = {
			isa = XCBuildConfiguration;
			buildSettings = {
				ALWAYS_SEARCH_USER_PATHS = NO;
				ASSETCATALOG_COMPILER_APPICON_NAME = AppIcon;
				ASSETCATALOG_COMPILER_GLOBAL_ACCENT_COLOR_NAME = AccentColor;
				CODE_SIGN_STYLE = Automatic;
				CURRENT_PROJECT_VERSION = 1;
				DEVELOPMENT_TEAM = 5K6BH2N7SF;
				FRAMEWORK_SEARCH_PATHS = "";
				GENERATE_INFOPLIST_FILE = YES;
				INFOPLIST_FILE = PokemonGameApp/Info.plist;
				INFOPLIST_KEY_UIApplicationSupportsIndirectInputEvents = YES;
				INFOPLIST_KEY_UILaunchStoryboardName = LaunchScreen;
				INFOPLIST_KEY_UISupportedInterfaceOrientations = UIInterfaceOrientationPortrait;
				LD_RUNPATH_SEARCH_PATHS = (
					"$(inherited)",
					"@executable_path/Frameworks",
				);
				MARKETING_VERSION = 1.0;
				PRODUCT_BUNDLE_IDENTIFIER = com.galih.PokemonGameApp;
				PRODUCT_NAME = "$(TARGET_NAME)";
				SUPPORTED_PLATFORMS = "iphonesimulator iphoneos";
				SWIFT_EMIT_LOC_STRINGS = YES;
				SWIFT_VERSION = 5.0;
				TARGETED_DEVICE_FAMILY = "1,2";
			};
			name = Debug;
		};
		2ADA3E652AE7CA2D00F3C57D /* Release */ = {
			isa = XCBuildConfiguration;
			buildSettings = {
				ALWAYS_SEARCH_USER_PATHS = NO;
				ASSETCATALOG_COMPILER_APPICON_NAME = AppIcon;
				ASSETCATALOG_COMPILER_GLOBAL_ACCENT_COLOR_NAME = AccentColor;
				CODE_SIGN_STYLE = Automatic;
				CURRENT_PROJECT_VERSION = 1;
				DEVELOPMENT_TEAM = 5K6BH2N7SF;
				FRAMEWORK_SEARCH_PATHS = "";
				GENERATE_INFOPLIST_FILE = YES;
				INFOPLIST_FILE = PokemonGameApp/Info.plist;
				INFOPLIST_KEY_UIApplicationSupportsIndirectInputEvents = YES;
				INFOPLIST_KEY_UILaunchStoryboardName = LaunchScreen;
				INFOPLIST_KEY_UISupportedInterfaceOrientations = UIInterfaceOrientationPortrait;
				LD_RUNPATH_SEARCH_PATHS = (
					"$(inherited)",
					"@executable_path/Frameworks",
				);
				MARKETING_VERSION = 1.0;
				PRODUCT_BUNDLE_IDENTIFIER = com.galih.PokemonGameApp;
				PRODUCT_NAME = "$(TARGET_NAME)";
				SUPPORTED_PLATFORMS = "iphonesimulator iphoneos";
				SWIFT_EMIT_LOC_STRINGS = YES;
				SWIFT_VERSION = 5.0;
				TARGETED_DEVICE_FAMILY = "1,2";
			};
			name = Release;
		};
		2ADA3E672AE7CA2D00F3C57D /* Debug */ = {
			isa = XCBuildConfiguration;
			buildSettings = {
				ALWAYS_EMBED_SWIFT_STANDARD_LIBRARIES = YES;
				BUNDLE_LOADER = "$(TEST_HOST)";
				CODE_SIGN_STYLE = Automatic;
				CURRENT_PROJECT_VERSION = 1;
				DEVELOPMENT_TEAM = 5K6BH2N7SF;
				GENERATE_INFOPLIST_FILE = YES;
				IPHONEOS_DEPLOYMENT_TARGET = 16.4;
				MARKETING_VERSION = 1.0;
				PRODUCT_BUNDLE_IDENTIFIER = com.galih.PokemonGameAppTests;
				PRODUCT_NAME = "$(TARGET_NAME)";
				SWIFT_EMIT_LOC_STRINGS = NO;
				SWIFT_VERSION = 5.0;
				TARGETED_DEVICE_FAMILY = "1,2";
				TEST_HOST = "$(BUILT_PRODUCTS_DIR)/PokemonGameApp.app/$(BUNDLE_EXECUTABLE_FOLDER_PATH)/PokemonGameApp";
			};
			name = Debug;
		};
		2ADA3E682AE7CA2D00F3C57D /* Release */ = {
			isa = XCBuildConfiguration;
			buildSettings = {
				ALWAYS_EMBED_SWIFT_STANDARD_LIBRARIES = YES;
				BUNDLE_LOADER = "$(TEST_HOST)";
				CODE_SIGN_STYLE = Automatic;
				CURRENT_PROJECT_VERSION = 1;
				DEVELOPMENT_TEAM = 5K6BH2N7SF;
				GENERATE_INFOPLIST_FILE = YES;
				IPHONEOS_DEPLOYMENT_TARGET = 16.4;
				MARKETING_VERSION = 1.0;
				PRODUCT_BUNDLE_IDENTIFIER = com.galih.PokemonGameAppTests;
				PRODUCT_NAME = "$(TARGET_NAME)";
				SWIFT_EMIT_LOC_STRINGS = NO;
				SWIFT_VERSION = 5.0;
				TARGETED_DEVICE_FAMILY = "1,2";
				TEST_HOST = "$(BUILT_PRODUCTS_DIR)/PokemonGameApp.app/$(BUNDLE_EXECUTABLE_FOLDER_PATH)/PokemonGameApp";
			};
			name = Release;
		};
/* End XCBuildConfiguration section */

/* Begin XCConfigurationList section */
		2ADA3E342AE7CA2C00F3C57D /* Build configuration list for PBXProject "PokemonGameApp" */ = {
			isa = XCConfigurationList;
			buildConfigurations = (
				2ADA3E612AE7CA2D00F3C57D /* Debug */,
				2ADA3E622AE7CA2D00F3C57D /* Release */,
			);
			defaultConfigurationIsVisible = 0;
			defaultConfigurationName = Release;
		};
		2ADA3E632AE7CA2D00F3C57D /* Build configuration list for PBXNativeTarget "PokemonGameApp" */ = {
			isa = XCConfigurationList;
			buildConfigurations = (
				2ADA3E642AE7CA2D00F3C57D /* Debug */,
				2ADA3E652AE7CA2D00F3C57D /* Release */,
			);
			defaultConfigurationIsVisible = 0;
			defaultConfigurationName = Release;
		};
		2ADA3E662AE7CA2D00F3C57D /* Build configuration list for PBXNativeTarget "PokemonGameAppTests" */ = {
			isa = XCConfigurationList;
			buildConfigurations = (
				2ADA3E672AE7CA2D00F3C57D /* Debug */,
				2ADA3E682AE7CA2D00F3C57D /* Release */,
			);
			defaultConfigurationIsVisible = 0;
			defaultConfigurationName = Release;
		};
/* End XCConfigurationList section */
	};
	rootObject = 2ADA3E312AE7CA2C00F3C57D /* Project object */;
}
